
Microsoft Visual Studio Solution File, Format Version 12.00
# Visual Studio 15
VisualStudioVersion = 15.0.27703.2047
MinimumVisualStudioVersion = 10.0.40219.1
Project("{FAE04EC0-301F-11D3-BF4B-00C04F79EFBC}") = "StatsReloader", "StatsReloader\StatsReloader.csproj", "{EBCD6A37-FF4A-4AED-A6D5-440ECE48718F}"
EndProject
Global
	GlobalSection(SolutionConfigurationPlatforms) = preSolution
		Debug|Any CPU = Debug|Any CPU
		Release|Any CPU = Release|Any CPU
	EndGlobalSection
	GlobalSection(ProjectConfigurationPlatforms) = postSolution
		{EBCD6A37-FF4A-4AED-A6D5-440ECE48718F}.Debug|Any CPU.ActiveCfg = Debug|Any CPU
		{EBCD6A37-FF4A-4AED-A6D5-440ECE48718F}.Debug|Any CPU.Build.0 = Debug|Any CPU
		{EBCD6A37-FF4A-4AED-A6D5-440ECE48718F}.Release|Any CPU.ActiveCfg = Release|Any CPU
		{EBCD6A37-FF4A-4AED-A6D5-440ECE48718F}.Release|Any CPU.Build.0 = Release|Any CPU
	EndGlobalSection
	GlobalSection(SolutionProperties) = preSolution
		HideSolutionNode = FALSE
	EndGlobalSection
	GlobalSection(ExtensibilityGlobals) = postSolution
		SolutionGuid = {ECDF88EA-6A5C-4EBD-A8CC-4EF4D0D88306}
	EndGlobalSection
EndGlobal
